
Microsoft Visual Studio Solution File, Format Version 12.00
# Visual Studio Version 17
VisualStudioVersion = 17.3.32901.215
MinimumVisualStudioVersion = 10.0.40219.1
Project("{FAE04EC0-301F-11D3-BF4B-00C04F79EFBC}") = "PersonelKayitProjesi", "PersonelKayitProjesi\PersonelKayitProjesi.csproj", "{50CCECCF-7584-47DB-BB1C-486A30E63A16}"
EndProject
Global
	GlobalSection(SolutionConfigurationPlatforms) = preSolution
		Debug|Any CPU = Debug|Any CPU
		Release|Any CPU = Release|Any CPU
	EndGlobalSection
	GlobalSection(ProjectConfigurationPlatforms) = postSolution
		{50CCECCF-7584-47DB-BB1C-486A30E63A16}.Debug|Any CPU.ActiveCfg = Debug|Any CPU
		{50CCECCF-7584-47DB-BB1C-486A30E63A16}.Debug|Any CPU.Build.0 = Debug|Any CPU
		{50CCECCF-7584-47DB-BB1C-486A30E63A16}.Release|Any CPU.ActiveCfg = Release|Any CPU
		{50CCECCF-7584-47DB-BB1C-486A30E63A16}.Release|Any CPU.Build.0 = Release|Any CPU
	EndGlobalSection
	GlobalSection(SolutionProperties) = preSolution
		HideSolutionNode = FALSE
	EndGlobalSection
	GlobalSection(ExtensibilityGlobals) = postSolution
		SolutionGuid = {11A71580-9E1A-4060-87AE-B535AB0205A2}
	EndGlobalSection
EndGlobal
